
Microsoft Visual Studio Solution File, Format Version 12.00
# Visual Studio Version 17
VisualStudioVersion = 17.4.33122.133
MinimumVisualStudioVersion = 10.0.40219.1
Project("{FAE04EC0-301F-11D3-BF4B-00C04F79EFBC}") = "LongestPalindromicSubstring", "LongestPalindromicSubstring\LongestPalindromicSubstring.csproj", "{35406F1F-CCD8-4005-ABE5-406769BD60C9}"
EndProject
Project("{FAE04EC0-301F-11D3-BF4B-00C04F79EFBC}") = "LongestPalindromicSubstring.Tests", "LongestPalindromicSubstring.Tests\LongestPalindromicSubstring.Tests.csproj", "{184FACD7-1281-4584-B3E0-9C45D1D05BC3}"
EndProject
Global
	GlobalSection(SolutionConfigurationPlatforms) = preSolution
		Debug|Any CPU = Debug|Any CPU
		Release|Any CPU = Release|Any CPU
	EndGlobalSection
	GlobalSection(ProjectConfigurationPlatforms) = postSolution
		{35406F1F-CCD8-4005-ABE5-406769BD60C9}.Debug|Any CPU.ActiveCfg = Debug|Any CPU
		{35406F1F-CCD8-4005-ABE5-406769BD60C9}.Debug|Any CPU.Build.0 = Debug|Any CPU
		{35406F1F-CCD8-4005-ABE5-406769BD60C9}.Release|Any CPU.ActiveCfg = Release|Any CPU
		{35406F1F-CCD8-4005-ABE5-406769BD60C9}.Release|Any CPU.Build.0 = Release|Any CPU
		{184FACD7-1281-4584-B3E0-9C45D1D05BC3}.Debug|Any CPU.ActiveCfg = Debug|Any CPU
		{184FACD7-1281-4584-B3E0-9C45D1D05BC3}.Debug|Any CPU.Build.0 = Debug|Any CPU
		{184FACD7-1281-4584-B3E0-9C45D1D05BC3}.Release|Any CPU.ActiveCfg = Release|Any CPU
		{184FACD7-1281-4584-B3E0-9C45D1D05BC3}.Release|Any CPU.Build.0 = Release|Any CPU
	EndGlobalSection
	GlobalSection(SolutionProperties) = preSolution
		HideSolutionNode = FALSE
	EndGlobalSection
	GlobalSection(ExtensibilityGlobals) = postSolution
		SolutionGuid = {6F694C6C-98D2-45BA-B2C5-17B37011842B}
	EndGlobalSection
EndGlobal
